# THIS IS AN AUTOGENERATED FILE. DO NOT EDIT THIS FILE DIRECTLY.
# yarn lockfile v1


"at-least-node@^1.0.0":
  "integrity" "sha512-+q/t7Ekv1EDY2l6Gda6LLiX14rU9TV20Wa3ofeQmwPFZbOMo9DXrLbOjFaaclkXKWidIaopwAObQDqwWtGUjqg=="
  "resolved" "https://registry.npmjs.org/at-least-node/-/at-least-node-1.0.0.tgz"
  "version" "1.0.0"

"axios@^0.21.1":
  "integrity" "sha512-ut5vewkiu8jjGBdqpM44XxjuCjq9LAKeHVmoVfHVzy8eHgxxq8SbAVQNovDA8mVi05kP0Ea/n/UzcSHcTJQfNg=="
  "resolved" "https://registry.npmjs.org/axios/-/axios-0.21.4.tgz"
  "version" "0.21.4"
  dependencies:
    "follow-redirects" "^1.14.0"

"boolbase@^1.0.0":
  "integrity" "sha512-JZOSA7Mo9sNGB8+UjSgzdLtokWAky1zbztM3WRLCbZ70/3cTANmQmOdR7y2g+J0e2WXywy1yS468tY+IruqEww=="
  "resolved" "https://registry.npmjs.org/boolbase/-/boolbase-1.0.0.tgz"
  "version" "1.0.0"

"call-bind@^1.0.0", "call-bind@^1.0.2":
  "integrity" "sha512-7O+FbCihrB5WGbFYesctwmTKae6rOiIzmz1icreWJ+0aA7LJfuqhEso2T9ncpcFtzMQtzXf2QGGueWJGTYsqrA=="
  "resolved" "https://registry.npmjs.org/call-bind/-/call-bind-1.0.2.tgz"
  "version" "1.0.2"
  dependencies:
    "function-bind" "^1.1.1"
    "get-intrinsic" "^1.0.2"

"cheerio-select@^2.1.0":
  "integrity" "sha512-9v9kG0LvzrlcungtnJtpGNxY+fzECQKhK4EGJX2vByejiMX84MFNQw4UxPJl3bFbTMw+Dfs37XaIkCwTZfLh4g=="
  "resolved" "https://registry.npmjs.org/cheerio-select/-/cheerio-select-2.1.0.tgz"
  "version" "2.1.0"
  dependencies:
    "boolbase" "^1.0.0"
    "css-select" "^5.1.0"
    "css-what" "^6.1.0"
    "domelementtype" "^2.3.0"
    "domhandler" "^5.0.3"
    "domutils" "^3.0.1"

"cheerio@^1.0.0-rc.5":
  "integrity" "sha512-VqR8m68vM46BNnuZ5NtnGBKIE/DfN0cRIzg9n40EIq9NOv90ayxLBXA8fXC5gquFRGJSTRqBq25Jt2ECLR431Q=="
  "resolved" "https://registry.npmjs.org/cheerio/-/cheerio-1.0.0-rc.12.tgz"
  "version" "1.0.0-rc.12"
  dependencies:
    "cheerio-select" "^2.1.0"
    "dom-serializer" "^2.0.0"
    "domhandler" "^5.0.3"
    "domutils" "^3.0.1"
    "htmlparser2" "^8.0.1"
    "parse5" "^7.0.0"
    "parse5-htmlparser2-tree-adapter" "^7.0.0"

"css-select@^5.1.0":
  "integrity" "sha512-nwoRF1rvRRnnCqqY7updORDsuqKzqYJ28+oSMaJMMgOauh3fvwHqMS7EZpIPqK8GL+g9mKxF1vP/ZjSeNjEVHg=="
  "resolved" "https://registry.npmjs.org/css-select/-/css-select-5.1.0.tgz"
  "version" "5.1.0"
  dependencies:
    "boolbase" "^1.0.0"
    "css-what" "^6.1.0"
    "domhandler" "^5.0.2"
    "domutils" "^3.0.1"
    "nth-check" "^2.0.1"

"css-what@^6.1.0":
  "integrity" "sha512-HTUrgRJ7r4dsZKU6GjmpfRK1O76h97Z8MfS1G0FozR+oF2kG6Vfe8JE6zwrkbxigziPHinCJ+gCPjA9EaBDtRw=="
  "resolved" "https://registry.npmjs.org/css-what/-/css-what-6.1.0.tgz"
  "version" "6.1.0"

"define-properties@^1.1.3", "define-properties@^1.1.4":
  "integrity" "sha512-uckOqKcfaVvtBdsVkdPv3XjveQJsNQqmhXgRi8uhvWWuPYZCNlzT8qAyblUgNoXdHdjMTzAqeGjAoli8f+bzPA=="
  "resolved" "https://registry.npmjs.org/define-properties/-/define-properties-1.1.4.tgz"
  "version" "1.1.4"
  dependencies:
    "has-property-descriptors" "^1.0.0"
    "object-keys" "^1.1.1"

"dom-serializer@^2.0.0":
  "integrity" "sha512-wIkAryiqt/nV5EQKqQpo3SToSOV9J0DnbJqwK7Wv/Trc92zIAYZ4FlMu+JPFW1DfGFt81ZTCGgDEabffXeLyJg=="
  "resolved" "https://registry.npmjs.org/dom-serializer/-/dom-serializer-2.0.0.tgz"
  "version" "2.0.0"
  dependencies:
    "domelementtype" "^2.3.0"
    "domhandler" "^5.0.2"
    "entities" "^4.2.0"

"domelementtype@^2.3.0":
  "integrity" "sha512-OLETBj6w0OsagBwdXnPdN0cnMfF9opN69co+7ZrbfPGrdpPVNBUj02spi6B1N7wChLQiPn4CSH/zJvXw56gmHw=="
  "resolved" "https://registry.npmjs.org/domelementtype/-/domelementtype-2.3.0.tgz"
  "version" "2.3.0"

"domhandler@^5.0.1", "domhandler@^5.0.2", "domhandler@^5.0.3":
  "integrity" "sha512-cgwlv/1iFQiFnU96XXgROh8xTeetsnJiDsTc7TYCLFd9+/WNkIqPTxiM/8pSd8VIrhXGTf1Ny1q1hquVqDJB5w=="
  "resolved" "https://registry.npmjs.org/domhandler/-/domhandler-5.0.3.tgz"
  "version" "5.0.3"
  dependencies:
    "domelementtype" "^2.3.0"

"domutils@^3.0.1":
  "integrity" "sha512-z08c1l761iKhDFtfXO04C7kTdPBLi41zwOZl00WS8b5eiaebNpY00HKbztwBq+e3vyqWNwWF3mP9YLUeqIrF+Q=="
  "resolved" "https://registry.npmjs.org/domutils/-/domutils-3.0.1.tgz"
  "version" "3.0.1"
  dependencies:
    "dom-serializer" "^2.0.0"
    "domelementtype" "^2.3.0"
    "domhandler" "^5.0.1"

"entities@^4.2.0", "entities@^4.3.0", "entities@^4.4.0":
  "integrity" "sha512-oYp7156SP8LkeGD0GF85ad1X9Ai79WtRsZ2gxJqtBuzH+98YUV6jkHEKlZkMbcrjJjIVJNIDP/3WL9wQkoPbWA=="
  "resolved" "https://registry.npmjs.org/entities/-/entities-4.4.0.tgz"
  "version" "4.4.0"

"es-abstract@^1.19.0", "es-abstract@^1.20.4":
  "integrity" "sha512-0UtvRN79eMe2L+UNEF1BwRe364sj/DXhQ/k5FmivgoSdpM90b8Jc0mDzKMGo7QS0BVbOP/bTwBKNnDc9rNzaPA=="
  "resolved" "https://registry.npmjs.org/es-abstract/-/es-abstract-1.20.4.tgz"
  "version" "1.20.4"
  dependencies:
    "call-bind" "^1.0.2"
    "es-to-primitive" "^1.2.1"
    "function-bind" "^1.1.1"
    "function.prototype.name" "^1.1.5"
    "get-intrinsic" "^1.1.3"
    "get-symbol-description" "^1.0.0"
    "has" "^1.0.3"
    "has-property-descriptors" "^1.0.0"
    "has-symbols" "^1.0.3"
    "internal-slot" "^1.0.3"
    "is-callable" "^1.2.7"
    "is-negative-zero" "^2.0.2"
    "is-regex" "^1.1.4"
    "is-shared-array-buffer" "^1.0.2"
    "is-string" "^1.0.7"
    "is-weakref" "^1.0.2"
    "object-inspect" "^1.12.2"
    "object-keys" "^1.1.1"
    "object.assign" "^4.1.4"
    "regexp.prototype.flags" "^1.4.3"
    "safe-regex-test" "^1.0.0"
    "string.prototype.trimend" "^1.0.5"
    "string.prototype.trimstart" "^1.0.5"
    "unbox-primitive" "^1.0.2"

"es-to-primitive@^1.2.1":
  "integrity" "sha512-QCOllgZJtaUo9miYBcLChTUaHNjJF3PYs1VidD7AwiEj1kYxKeQTctLAezAOH5ZKRH0g2IgPn6KwB4IT8iRpvA=="
  "resolved" "https://registry.npmjs.org/es-to-primitive/-/es-to-primitive-1.2.1.tgz"
  "version" "1.2.1"
  dependencies:
    "is-callable" "^1.1.4"
    "is-date-object" "^1.0.1"
    "is-symbol" "^1.0.2"

"follow-redirects@^1.14.0":
  "integrity" "sha512-VQLG33o04KaQ8uYi2tVNbdrWp1QWxNNea+nmIB4EVM28v0hmP17z7aG1+wAkNzVq4KeXTq3221ye5qTJP91JwA=="
  "resolved" "https://registry.npmjs.org/follow-redirects/-/follow-redirects-1.15.2.tgz"
  "version" "1.15.2"

"fs-extra@^9.1.0":
  "integrity" "sha512-hcg3ZmepS30/7BSFqRvoo3DOMQu7IjqxO5nCDt+zM9XWjb33Wg7ziNT+Qvqbuc3+gWpzO02JubVyk2G4Zvo1OQ=="
  "resolved" "https://registry.npmjs.org/fs-extra/-/fs-extra-9.1.0.tgz"
  "version" "9.1.0"
  dependencies:
    "at-least-node" "^1.0.0"
    "graceful-fs" "^4.2.0"
    "jsonfile" "^6.0.1"
    "universalify" "^2.0.0"

"function-bind@^1.1.1":
  "integrity" "sha512-yIovAzMX49sF8Yl58fSCWJ5svSLuaibPxXQJFLmBObTuCr0Mf1KiPopGM9NiFjiYBCbfaa2Fh6breQ6ANVTI0A=="
  "resolved" "https://registry.npmjs.org/function-bind/-/function-bind-1.1.1.tgz"
  "version" "1.1.1"

"function.prototype.name@^1.1.5":
  "integrity" "sha512-uN7m/BzVKQnCUF/iW8jYea67v++2u7m5UgENbHRtdDVclOUP+FMPlCNdmk0h/ysGyo2tavMJEDqJAkJdRa1vMA=="
  "resolved" "https://registry.npmjs.org/function.prototype.name/-/function.prototype.name-1.1.5.tgz"
  "version" "1.1.5"
  dependencies:
    "call-bind" "^1.0.2"
    "define-properties" "^1.1.3"
    "es-abstract" "^1.19.0"
    "functions-have-names" "^1.2.2"

"functions-have-names@^1.2.2":
  "integrity" "sha512-xckBUXyTIqT97tq2x2AMb+g163b5JFysYk0x4qxNFwbfQkmNZoiRHb6sPzI9/QV33WeuvVYBUIiD4NzNIyqaRQ=="
  "resolved" "https://registry.npmjs.org/functions-have-names/-/functions-have-names-1.2.3.tgz"
  "version" "1.2.3"

"get-intrinsic@^1.0.2", "get-intrinsic@^1.1.0", "get-intrinsic@^1.1.1", "get-intrinsic@^1.1.3":
  "integrity" "sha512-QJVz1Tj7MS099PevUG5jvnt9tSkXN8K14dxQlikJuPt4uD9hHAHjLyLBiLR5zELelBdD9QNRAXZzsJx0WaDL9A=="
  "resolved" "https://registry.npmjs.org/get-intrinsic/-/get-intrinsic-1.1.3.tgz"
  "version" "1.1.3"
  dependencies:
    "function-bind" "^1.1.1"
    "has" "^1.0.3"
    "has-symbols" "^1.0.3"

"get-symbol-description@^1.0.0":
  "integrity" "sha512-2EmdH1YvIQiZpltCNgkuiUnyukzxM/R6NDJX31Ke3BG1Nq5b0S2PhX59UKi9vZpPDQVdqn+1IcaAwnzTT5vCjw=="
  "resolved" "https://registry.npmjs.org/get-symbol-description/-/get-symbol-description-1.0.0.tgz"
  "version" "1.0.0"
  dependencies:
    "call-bind" "^1.0.2"
    "get-intrinsic" "^1.1.1"

"graceful-fs@^4.1.6", "graceful-fs@^4.2.0":
  "integrity" "sha512-9ByhssR2fPVsNZj478qUUbKfmL0+t5BDVyjShtyZZLiK7ZDAArFFfopyOTj0M05wE2tJPisA4iTnnXl2YoPvOA=="
  "resolved" "https://registry.npmjs.org/graceful-fs/-/graceful-fs-4.2.10.tgz"
  "version" "4.2.10"

"has-bigints@^1.0.1", "has-bigints@^1.0.2":
  "integrity" "sha512-tSvCKtBr9lkF0Ex0aQiP9N+OpV4zi2r/Nee5VkRDbaqv35RLYMzbwQfFSZZH0kR+Rd6302UJZ2p/bJCEoR3VoQ=="
  "resolved" "https://registry.npmjs.org/has-bigints/-/has-bigints-1.0.2.tgz"
  "version" "1.0.2"

"has-property-descriptors@^1.0.0":
  "integrity" "sha512-62DVLZGoiEBDHQyqG4w9xCuZ7eJEwNmJRWw2VY84Oedb7WFcA27fiEVe8oUQx9hAUJ4ekurquucTGwsyO1XGdQ=="
  "resolved" "https://registry.npmjs.org/has-property-descriptors/-/has-property-descriptors-1.0.0.tgz"
  "version" "1.0.0"
  dependencies:
    "get-intrinsic" "^1.1.1"

"has-symbols@^1.0.2", "has-symbols@^1.0.3":
  "integrity" "sha512-l3LCuF6MgDNwTDKkdYGEihYjt5pRPbEg46rtlmnSPlUbgmB8LOIrKJbYYFBSbnPaJexMKtiPO8hmeRjRz2Td+A=="
  "resolved" "https://registry.npmjs.org/has-symbols/-/has-symbols-1.0.3.tgz"
  "version" "1.0.3"

"has-tostringtag@^1.0.0":
  "integrity" "sha512-kFjcSNhnlGV1kyoGk7OXKSawH5JOb/LzUc5w9B02hOTO0dfFRjbHQKvg1d6cf3HbeUmtU9VbbV3qzZ2Teh97WQ=="
  "resolved" "https://registry.npmjs.org/has-tostringtag/-/has-tostringtag-1.0.0.tgz"
  "version" "1.0.0"
  dependencies:
    "has-symbols" "^1.0.2"

"has@^1.0.3":
  "integrity" "sha512-f2dvO0VU6Oej7RkWJGrehjbzMAjFp5/VKPp5tTpWIV4JHHZK1/BxbFRtf/siA2SWTe09caDmVtYYzWEIbBS4zw=="
  "resolved" "https://registry.npmjs.org/has/-/has-1.0.3.tgz"
  "version" "1.0.3"
  dependencies:
    "function-bind" "^1.1.1"

"htmlparser2@^8.0.1":
  "integrity" "sha512-4lVbmc1diZC7GUJQtRQ5yBAeUCL1exyMwmForWkRLnwyzWBFxN633SALPMGYaWZvKe9j1pRZJpauvmxENSp/EA=="
  "resolved" "https://registry.npmjs.org/htmlparser2/-/htmlparser2-8.0.1.tgz"
  "version" "8.0.1"
  dependencies:
    "domelementtype" "^2.3.0"
    "domhandler" "^5.0.2"
    "domutils" "^3.0.1"
    "entities" "^4.3.0"

"internal-slot@^1.0.3":
  "integrity" "sha512-O0DB1JC/sPyZl7cIo78n5dR7eUSwwpYPiXRhTzNxZVAMUuB8vlnRFyLxdrVToks6XPLVnFfbzaVd5WLjhgg+vA=="
  "resolved" "https://registry.npmjs.org/internal-slot/-/internal-slot-1.0.3.tgz"
  "version" "1.0.3"
  dependencies:
    "get-intrinsic" "^1.1.0"
    "has" "^1.0.3"
    "side-channel" "^1.0.4"

"is-bigint@^1.0.1":
  "integrity" "sha512-zB9CruMamjym81i2JZ3UMn54PKGsQzsJeo6xvN3HJJ4CAsQNB6iRutp2To77OfCNuoxspsIhzaPoO1zyCEhFOg=="
  "resolved" "https://registry.npmjs.org/is-bigint/-/is-bigint-1.0.4.tgz"
  "version" "1.0.4"
  dependencies:
    "has-bigints" "^1.0.1"

"is-boolean-object@^1.1.0":
  "integrity" "sha512-gDYaKHJmnj4aWxyj6YHyXVpdQawtVLHU5cb+eztPGczf6cjuTdwve5ZIEfgXqH4e57An1D1AKf8CZ3kYrQRqYA=="
  "resolved" "https://registry.npmjs.org/is-boolean-object/-/is-boolean-object-1.1.2.tgz"
  "version" "1.1.2"
  dependencies:
    "call-bind" "^1.0.2"
    "has-tostringtag" "^1.0.0"

"is-callable@^1.1.4", "is-callable@^1.2.7":
  "integrity" "sha512-1BC0BVFhS/p0qtw6enp8e+8OD0UrK0oFLztSjNzhcKA3WDuJxxAPXzPuPtKkjEY9UUoEWlX/8fgKeu2S8i9JTA=="
  "resolved" "https://registry.npmjs.org/is-callable/-/is-callable-1.2.7.tgz"
  "version" "1.2.7"

"is-date-object@^1.0.1":
  "integrity" "sha512-9YQaSxsAiSwcvS33MBk3wTCVnWK+HhF8VZR2jRxehM16QcVOdHqPn4VPHmRK4lSr38n9JriurInLcP90xsYNfQ=="
  "resolved" "https://registry.npmjs.org/is-date-object/-/is-date-object-1.0.5.tgz"
  "version" "1.0.5"
  dependencies:
    "has-tostringtag" "^1.0.0"

"is-negative-zero@^2.0.2":
  "integrity" "sha512-dqJvarLawXsFbNDeJW7zAz8ItJ9cd28YufuuFzh0G8pNHjJMnY08Dv7sYX2uF5UpQOwieAeOExEYAWWfu7ZZUA=="
  "resolved" "https://registry.npmjs.org/is-negative-zero/-/is-negative-zero-2.0.2.tgz"
  "version" "2.0.2"

"is-number-object@^1.0.4":
  "integrity" "sha512-k1U0IRzLMo7ZlYIfzRu23Oh6MiIFasgpb9X76eqfFZAqwH44UI4KTBvBYIZ1dSL9ZzChTB9ShHfLkR4pdW5krQ=="
  "resolved" "https://registry.npmjs.org/is-number-object/-/is-number-object-1.0.7.tgz"
  "version" "1.0.7"
  dependencies:
    "has-tostringtag" "^1.0.0"

"is-regex@^1.1.4":
  "integrity" "sha512-kvRdxDsxZjhzUX07ZnLydzS1TU/TJlTUHHY4YLL87e37oUA49DfkLqgy+VjFocowy29cKvcSiu+kIv728jTTVg=="
  "resolved" "https://registry.npmjs.org/is-regex/-/is-regex-1.1.4.tgz"
  "version" "1.1.4"
  dependencies:
    "call-bind" "^1.0.2"
    "has-tostringtag" "^1.0.0"

"is-shared-array-buffer@^1.0.2":
  "integrity" "sha512-sqN2UDu1/0y6uvXyStCOzyhAjCSlHceFoMKJW8W9EU9cvic/QdsZ0kEU93HEy3IUEFZIiH/3w+AH/UQbPHNdhA=="
  "resolved" "https://registry.npmjs.org/is-shared-array-buffer/-/is-shared-array-buffer-1.0.2.tgz"
  "version" "1.0.2"
  dependencies:
    "call-bind" "^1.0.2"

"is-string@^1.0.5", "is-string@^1.0.7":
  "integrity" "sha512-tE2UXzivje6ofPW7l23cjDOMa09gb7xlAqG6jG5ej6uPV32TlWP3NKPigtaGeHNu9fohccRYvIiZMfOOnOYUtg=="
  "resolved" "https://registry.npmjs.org/is-string/-/is-string-1.0.7.tgz"
  "version" "1.0.7"
  dependencies:
    "has-tostringtag" "^1.0.0"

"is-symbol@^1.0.2", "is-symbol@^1.0.3":
  "integrity" "sha512-C/CPBqKWnvdcxqIARxyOh4v1UUEOCHpgDa0WYgpKDFMszcrPcffg5uhwSgPCLD2WWxmq6isisz87tzT01tuGhg=="
  "resolved" "https://registry.npmjs.org/is-symbol/-/is-symbol-1.0.4.tgz"
  "version" "1.0.4"
  dependencies:
    "has-symbols" "^1.0.2"

"is-weakref@^1.0.2":
  "integrity" "sha512-qctsuLZmIQ0+vSSMfoVvyFe2+GSEvnmZ2ezTup1SBse9+twCCeial6EEi3Nc2KFcf6+qz2FBPnjXsk8xhKSaPQ=="
  "resolved" "https://registry.npmjs.org/is-weakref/-/is-weakref-1.0.2.tgz"
  "version" "1.0.2"
  dependencies:
    "call-bind" "^1.0.2"

"jsonfile@^6.0.1":
  "integrity" "sha512-5dgndWOriYSm5cnYaJNhalLNDKOqFwyDB/rr1E9ZsGciGvKPs8R2xYGCacuf3z6K1YKDz182fd+fY3cn3pMqXQ=="
  "resolved" "https://registry.npmjs.org/jsonfile/-/jsonfile-6.1.0.tgz"
  "version" "6.1.0"
  dependencies:
    "universalify" "^2.0.0"
  optionalDependencies:
    "graceful-fs" "^4.1.6"

"nth-check@^2.0.1":
  "integrity" "sha512-lqjrjmaOoAnWfMmBPL+XNnynZh2+swxiX3WUE0s4yEHI6m+AwrK2UZOimIRl3X/4QctVqS8AiZjFqyOGrMXb/w=="
  "resolved" "https://registry.npmjs.org/nth-check/-/nth-check-2.1.1.tgz"
  "version" "2.1.1"
  dependencies:
    "boolbase" "^1.0.0"

"object-inspect@^1.12.2", "object-inspect@^1.9.0":
  "integrity" "sha512-z+cPxW0QGUp0mcqcsgQyLVRDoXFQbXOwBaqyF7VIgI4TWNQsDHrBpUQslRmIfAoYWdYzs6UlKJtB2XJpTaNSpQ=="
  "resolved" "https://registry.npmjs.org/object-inspect/-/object-inspect-1.12.2.tgz"
  "version" "1.12.2"

"object-keys@^1.1.1":
  "integrity" "sha512-NuAESUOUMrlIXOfHKzD6bpPu3tYt3xvjNdRIQ+FeT0lNb4K8WR70CaDxhuNguS2XG+GjkyMwOzsN5ZktImfhLA=="
  "resolved" "https://registry.npmjs.org/object-keys/-/object-keys-1.1.1.tgz"
  "version" "1.1.1"

"object.assign@^4.1.4":
  "integrity" "sha512-1mxKf0e58bvyjSCtKYY4sRe9itRk3PJpquJOjeIkz885CczcI4IvJJDLPS72oowuSh+pBxUFROpX+TU++hxhZQ=="
  "resolved" "https://registry.npmjs.org/object.assign/-/object.assign-4.1.4.tgz"
  "version" "4.1.4"
  dependencies:
    "call-bind" "^1.0.2"
    "define-properties" "^1.1.4"
    "has-symbols" "^1.0.3"
    "object-keys" "^1.1.1"

"parse5-htmlparser2-tree-adapter@^7.0.0":
  "integrity" "sha512-B77tOZrqqfUfnVcOrUvfdLbz4pu4RopLD/4vmu3HUPswwTA8OH0EMW9BlWR2B0RCoiZRAHEUu7IxeP1Pd1UU+g=="
  "resolved" "https://registry.npmjs.org/parse5-htmlparser2-tree-adapter/-/parse5-htmlparser2-tree-adapter-7.0.0.tgz"
  "version" "7.0.0"
  dependencies:
    "domhandler" "^5.0.2"
    "parse5" "^7.0.0"

"parse5@^7.0.0":
  "integrity" "sha512-kwpuwzB+px5WUg9pyK0IcK/shltJN5/OVhQagxhCQNtT9Y9QRZqNY2e1cmbu/paRh5LMnz/oVTVLBpjFmMZhSg=="
  "resolved" "https://registry.npmjs.org/parse5/-/parse5-7.1.1.tgz"
  "version" "7.1.1"
  dependencies:
    "entities" "^4.4.0"

"regexp.prototype.flags@^1.4.3":
  "integrity" "sha512-fjggEOO3slI6Wvgjwflkc4NFRCTZAu5CnNfBd5qOMYhWdn67nJBBu34/TkD++eeFmd8C9r9jfXJ27+nSiRkSUA=="
  "resolved" "https://registry.npmjs.org/regexp.prototype.flags/-/regexp.prototype.flags-1.4.3.tgz"
  "version" "1.4.3"
  dependencies:
    "call-bind" "^1.0.2"
    "define-properties" "^1.1.3"
    "functions-have-names" "^1.2.2"

"safe-regex-test@^1.0.0":
  "integrity" "sha512-JBUUzyOgEwXQY1NuPtvcj/qcBDbDmEvWufhlnXZIm75DEHp+afM1r1ujJpJsV/gSM4t59tpDyPi1sd6ZaPFfsA=="
  "resolved" "https://registry.npmjs.org/safe-regex-test/-/safe-regex-test-1.0.0.tgz"
  "version" "1.0.0"
  dependencies:
    "call-bind" "^1.0.2"
    "get-intrinsic" "^1.1.3"
    "is-regex" "^1.1.4"

"side-channel@^1.0.4":
  "integrity" "sha512-q5XPytqFEIKHkGdiMIrY10mvLRvnQh42/+GoBlFW3b2LXLE2xxJpZFdm94we0BaoV3RwJyGqg5wS7epxTv0Zvw=="
  "resolved" "https://registry.npmjs.org/side-channel/-/side-channel-1.0.4.tgz"
  "version" "1.0.4"
  dependencies:
    "call-bind" "^1.0.0"
    "get-intrinsic" "^1.0.2"
    "object-inspect" "^1.9.0"

"string.prototype.replaceall@^1.0.7":
  "integrity" "sha512-xB2WV2GlSCSJT5dMGdhdH1noMPiAB91guiepwTYyWY9/0Vq/TZ7RPmnOSUGAEvry08QIK7EMr28aAii+9jC6kw=="
  "resolved" "https://registry.npmjs.org/string.prototype.replaceall/-/string.prototype.replaceall-1.0.7.tgz"
  "version" "1.0.7"
  dependencies:
    "call-bind" "^1.0.2"
    "define-properties" "^1.1.4"
    "es-abstract" "^1.20.4"
    "get-intrinsic" "^1.1.3"
    "has-symbols" "^1.0.3"
    "is-regex" "^1.1.4"

"string.prototype.trimend@^1.0.5":
  "integrity" "sha512-JySq+4mrPf9EsDBEDYMOb/lM7XQLulwg5R/m1r0PXEFqrV0qHvl58sdTilSXtKOflCsK2E8jxf+GKC0T07RWwQ=="
  "resolved" "https://registry.npmjs.org/string.prototype.trimend/-/string.prototype.trimend-1.0.6.tgz"
  "version" "1.0.6"
  dependencies:
    "call-bind" "^1.0.2"
    "define-properties" "^1.1.4"
    "es-abstract" "^1.20.4"

"string.prototype.trimstart@^1.0.5":
  "integrity" "sha512-omqjMDaY92pbn5HOX7f9IccLA+U1tA9GvtU4JrodiXFfYB7jPzzHpRzpglLAjtUV6bB557zwClJezTqnAiYnQA=="
  "resolved" "https://registry.npmjs.org/string.prototype.trimstart/-/string.prototype.trimstart-1.0.6.tgz"
  "version" "1.0.6"
  dependencies:
    "call-bind" "^1.0.2"
    "define-properties" "^1.1.4"
    "es-abstract" "^1.20.4"

"unbox-primitive@^1.0.2":
  "integrity" "sha512-61pPlCD9h51VoreyJ0BReideM3MDKMKnh6+V9L08331ipq6Q8OFXZYiqP6n/tbHx4s5I9uRhcye6BrbkizkBDw=="
  "resolved" "https://registry.npmjs.org/unbox-primitive/-/unbox-primitive-1.0.2.tgz"
  "version" "1.0.2"
  dependencies:
    "call-bind" "^1.0.2"
    "has-bigints" "^1.0.2"
    "has-symbols" "^1.0.3"
    "which-boxed-primitive" "^1.0.2"

"universalify@^2.0.0":
  "integrity" "sha512-hAZsKq7Yy11Zu1DE0OzWjw7nnLZmJZYTDZZyEFHZdUhV8FkH5MCfoU1XMaxXovpyW5nq5scPqq0ZDP9Zyl04oQ=="
  "resolved" "https://registry.npmjs.org/universalify/-/universalify-2.0.0.tgz"
  "version" "2.0.0"

"which-boxed-primitive@^1.0.2":
  "integrity" "sha512-bwZdv0AKLpplFY2KZRX6TvyuN7ojjr7lwkg6ml0roIy9YeuSr7JS372qlNW18UQYzgYK9ziGcerWqZOmEn9VNg=="
  "resolved" "https://registry.npmjs.org/which-boxed-primitive/-/which-boxed-primitive-1.0.2.tgz"
  "version" "1.0.2"
  dependencies:
    "is-bigint" "^1.0.1"
    "is-boolean-object" "^1.1.0"
    "is-number-object" "^1.0.4"
    "is-string" "^1.0.5"
    "is-symbol" "^1.0.3"
